
Microsoft Visual Studio Solution File, Format Version 12.00
# Visual Studio Version 16
VisualStudioVersion = 16.0.28531.58
MinimumVisualStudioVersion = 10.0.40219.1
Project("{FAE04EC0-301F-11D3-BF4B-00C04F79EFBC}") = "HiPlataform", "HiPlataform\HiPlataform.csproj", "{E249F24A-3FBB-40BD-BE6F-F7ED2169E0D5}"
EndProject
Project("{FAE04EC0-301F-11D3-BF4B-00C04F79EFBC}") = "HiPlataform.Exercicios", "HiPlataform.Exercicios\HiPlataform.Exercicios.csproj", "{D4F39AB1-C0C4-4543-985F-228CA0C11DBB}"
EndProject
Project("{2150E333-8FDC-42A3-9474-1A3956D46DE8}") = "tests", "tests", "{F1A0A5D1-2A8B-4422-A6B4-F544EB67FF31}"
EndProject
Project("{FAE04EC0-301F-11D3-BF4B-00C04F79EFBC}") = "HiPlataform.Exercicios.Test", "HiPlataform.Exercicios.Test\HiPlataform.Exercicios.Test.csproj", "{2858ECAE-B5D7-4B3C-AEDB-9EAAE26DA3AD}"
EndProject
Global
	GlobalSection(SolutionConfigurationPlatforms) = preSolution
		Debug|Any CPU = Debug|Any CPU
		Release|Any CPU = Release|Any CPU
	EndGlobalSection
	GlobalSection(ProjectConfigurationPlatforms) = postSolution
		{E249F24A-3FBB-40BD-BE6F-F7ED2169E0D5}.Debug|Any CPU.ActiveCfg = Debug|Any CPU
		{E249F24A-3FBB-40BD-BE6F-F7ED2169E0D5}.Debug|Any CPU.Build.0 = Debug|Any CPU
		{E249F24A-3FBB-40BD-BE6F-F7ED2169E0D5}.Release|Any CPU.ActiveCfg = Release|Any CPU
		{E249F24A-3FBB-40BD-BE6F-F7ED2169E0D5}.Release|Any CPU.Build.0 = Release|Any CPU
		{D4F39AB1-C0C4-4543-985F-228CA0C11DBB}.Debug|Any CPU.ActiveCfg = Debug|Any CPU
		{D4F39AB1-C0C4-4543-985F-228CA0C11DBB}.Debug|Any CPU.Build.0 = Debug|Any CPU
		{D4F39AB1-C0C4-4543-985F-228CA0C11DBB}.Release|Any CPU.ActiveCfg = Release|Any CPU
		{D4F39AB1-C0C4-4543-985F-228CA0C11DBB}.Release|Any CPU.Build.0 = Release|Any CPU
		{2858ECAE-B5D7-4B3C-AEDB-9EAAE26DA3AD}.Debug|Any CPU.ActiveCfg = Debug|Any CPU
		{2858ECAE-B5D7-4B3C-AEDB-9EAAE26DA3AD}.Debug|Any CPU.Build.0 = Debug|Any CPU
		{2858ECAE-B5D7-4B3C-AEDB-9EAAE26DA3AD}.Release|Any CPU.ActiveCfg = Release|Any CPU
		{2858ECAE-B5D7-4B3C-AEDB-9EAAE26DA3AD}.Release|Any CPU.Build.0 = Release|Any CPU
	EndGlobalSection
	GlobalSection(SolutionProperties) = preSolution
		HideSolutionNode = FALSE
	EndGlobalSection
	GlobalSection(NestedProjects) = preSolution
		{2858ECAE-B5D7-4B3C-AEDB-9EAAE26DA3AD} = {F1A0A5D1-2A8B-4422-A6B4-F544EB67FF31}
	EndGlobalSection
	GlobalSection(ExtensibilityGlobals) = postSolution
		SolutionGuid = {C85DCADB-4D2F-47CE-A4BF-7CA1DFE8DE5D}
	EndGlobalSection
EndGlobal
